
Microsoft Visual Studio Solution File, Format Version 12.00
# Visual Studio Version 17
VisualStudioVersion = 17.9.34714.143
MinimumVisualStudioVersion = 10.0.40219.1
Project("{FAE04EC0-301F-11D3-BF4B-00C04F79EFBC}") = "API_Postgres", "API_Postgres.csproj", "{63113CEE-7958-4CBE-838B-EEEAB3EFE0D5}"
EndProject
Project("{FAE04EC0-301F-11D3-BF4B-00C04F79EFBC}") = "API_Postgres.Data", "..\API_Postgres.Data\API_Postgres.Data.csproj", "{7E176ACE-5102-40E0-8A3F-F7F9228D9967}"
EndProject
Project("{FAE04EC0-301F-11D3-BF4B-00C04F79EFBC}") = "API_Postgres.Business", "..\API_Postgres.Business\API_Postgres.Business.csproj", "{63056C28-A853-4F42-9CF4-6EEE9FA12501}"
EndProject
Global
	GlobalSection(SolutionConfigurationPlatforms) = preSolution
		Debug|Any CPU = Debug|Any CPU
		Release|Any CPU = Release|Any CPU
	EndGlobalSection
	GlobalSection(ProjectConfigurationPlatforms) = postSolution
		{63113CEE-7958-4CBE-838B-EEEAB3EFE0D5}.Debug|Any CPU.ActiveCfg = Debug|Any CPU
		{63113CEE-7958-4CBE-838B-EEEAB3EFE0D5}.Debug|Any CPU.Build.0 = Debug|Any CPU
		{63113CEE-7958-4CBE-838B-EEEAB3EFE0D5}.Release|Any CPU.ActiveCfg = Release|Any CPU
		{63113CEE-7958-4CBE-838B-EEEAB3EFE0D5}.Release|Any CPU.Build.0 = Release|Any CPU
		{7E176ACE-5102-40E0-8A3F-F7F9228D9967}.Debug|Any CPU.ActiveCfg = Debug|Any CPU
		{7E176ACE-5102-40E0-8A3F-F7F9228D9967}.Debug|Any CPU.Build.0 = Debug|Any CPU
		{7E176ACE-5102-40E0-8A3F-F7F9228D9967}.Release|Any CPU.ActiveCfg = Release|Any CPU
		{7E176ACE-5102-40E0-8A3F-F7F9228D9967}.Release|Any CPU.Build.0 = Release|Any CPU
		{63056C28-A853-4F42-9CF4-6EEE9FA12501}.Debug|Any CPU.ActiveCfg = Debug|Any CPU
		{63056C28-A853-4F42-9CF4-6EEE9FA12501}.Debug|Any CPU.Build.0 = Debug|Any CPU
		{63056C28-A853-4F42-9CF4-6EEE9FA12501}.Release|Any CPU.ActiveCfg = Release|Any CPU
		{63056C28-A853-4F42-9CF4-6EEE9FA12501}.Release|Any CPU.Build.0 = Release|Any CPU
	EndGlobalSection
	GlobalSection(SolutionProperties) = preSolution
		HideSolutionNode = FALSE
	EndGlobalSection
	GlobalSection(ExtensibilityGlobals) = postSolution
		SolutionGuid = {AAF0958D-5F22-4D6D-9351-667FFCF3090A}
	EndGlobalSection
EndGlobal
