
Microsoft Visual Studio Solution File, Format Version 12.00
# Visual Studio Version 17
VisualStudioVersion = 17.9.34714.143
MinimumVisualStudioVersion = 10.0.40219.1
Project("{FAE04EC0-301F-11D3-BF4B-00C04F79EFBC}") = "TesteDocker", "TesteDocker.csproj", "{9E843AE1-418A-4FCE-876D-1156A460B5FE}"
EndProject
Project("{FAE04EC0-301F-11D3-BF4B-00C04F79EFBC}") = "TesteDocker_Business", "..\TesteDocker_Business\TesteDocker_Business.csproj", "{4A74DFA8-5BF5-4D3A-8E29-34C732EAB045}"
EndProject
Project("{FAE04EC0-301F-11D3-BF4B-00C04F79EFBC}") = "TesteDocker_Data", "..\TesteDocker_Data\TesteDocker_Data.csproj", "{5D802EA2-A111-4FE9-ADB0-AA1156798005}"
EndProject
Global
	GlobalSection(SolutionConfigurationPlatforms) = preSolution
		Debug|Any CPU = Debug|Any CPU
		Release|Any CPU = Release|Any CPU
	EndGlobalSection
	GlobalSection(ProjectConfigurationPlatforms) = postSolution
		{9E843AE1-418A-4FCE-876D-1156A460B5FE}.Debug|Any CPU.ActiveCfg = Debug|Any CPU
		{9E843AE1-418A-4FCE-876D-1156A460B5FE}.Debug|Any CPU.Build.0 = Debug|Any CPU
		{9E843AE1-418A-4FCE-876D-1156A460B5FE}.Release|Any CPU.ActiveCfg = Release|Any CPU
		{9E843AE1-418A-4FCE-876D-1156A460B5FE}.Release|Any CPU.Build.0 = Release|Any CPU
		{4A74DFA8-5BF5-4D3A-8E29-34C732EAB045}.Debug|Any CPU.ActiveCfg = Debug|Any CPU
		{4A74DFA8-5BF5-4D3A-8E29-34C732EAB045}.Debug|Any CPU.Build.0 = Debug|Any CPU
		{4A74DFA8-5BF5-4D3A-8E29-34C732EAB045}.Release|Any CPU.ActiveCfg = Release|Any CPU
		{4A74DFA8-5BF5-4D3A-8E29-34C732EAB045}.Release|Any CPU.Build.0 = Release|Any CPU
		{5D802EA2-A111-4FE9-ADB0-AA1156798005}.Debug|Any CPU.ActiveCfg = Debug|Any CPU
		{5D802EA2-A111-4FE9-ADB0-AA1156798005}.Debug|Any CPU.Build.0 = Debug|Any CPU
		{5D802EA2-A111-4FE9-ADB0-AA1156798005}.Release|Any CPU.ActiveCfg = Release|Any CPU
		{5D802EA2-A111-4FE9-ADB0-AA1156798005}.Release|Any CPU.Build.0 = Release|Any CPU
	EndGlobalSection
	GlobalSection(SolutionProperties) = preSolution
		HideSolutionNode = FALSE
	EndGlobalSection
	GlobalSection(ExtensibilityGlobals) = postSolution
		SolutionGuid = {AAFE0E55-7FCB-46A6-9D90-820D4681CF88}
	EndGlobalSection
EndGlobal
